
Microsoft Visual Studio Solution File, Format Version 12.00
# Visual Studio Version 16
VisualStudioVersion = 16.0.29721.120
MinimumVisualStudioVersion = 10.0.40219.1
Project("{FAE04EC0-301F-11D3-BF4B-00C04F79EFBC}") = "EventsDelegatesLambdasExtensions", "EventsDelegatesLambdasExtensions\EventsDelegatesLambdasExtensions.csproj", "{BA12811E-4085-4E69-A97A-85454679FFE1}"
EndProject
Global
	GlobalSection(SolutionConfigurationPlatforms) = preSolution
		Debug|Any CPU = Debug|Any CPU
		Release|Any CPU = Release|Any CPU
	EndGlobalSection
	GlobalSection(ProjectConfigurationPlatforms) = postSolution
		{BA12811E-4085-4E69-A97A-85454679FFE1}.Debug|Any CPU.ActiveCfg = Debug|Any CPU
		{BA12811E-4085-4E69-A97A-85454679FFE1}.Debug|Any CPU.Build.0 = Debug|Any CPU
		{BA12811E-4085-4E69-A97A-85454679FFE1}.Release|Any CPU.ActiveCfg = Release|Any CPU
		{BA12811E-4085-4E69-A97A-85454679FFE1}.Release|Any CPU.Build.0 = Release|Any CPU
	EndGlobalSection
	GlobalSection(SolutionProperties) = preSolution
		HideSolutionNode = FALSE
	EndGlobalSection
	GlobalSection(ExtensibilityGlobals) = postSolution
		SolutionGuid = {993EBF1B-5A96-4EA3-A360-72AF2ECD91DB}
	EndGlobalSection
EndGlobal
